
Microsoft Visual Studio Solution File, Format Version 11.0
# Visual Studio 2010
Project("{FAE04EC0-301F-11D3-BF4B-00C04F79EFBC}") = "UnityVS.DrawDemo.CSharp", "UnityVS.DrawDemo.CSharp.csproj", "{7A09AA83-469D-7FF5-974B-9D58407C3AC1}"
EndProject
Global
	GlobalSection(SolutionConfigurationPlatforms) = preSolution
		Debug|Any CPU = Debug|Any CPU
		Release|Any CPU = Release|Any CPU
	EndGlobalSection
	GlobalSection(ProjectConfigurationPlatforms) = postSolution
		{7A09AA83-469D-7FF5-974B-9D58407C3AC1}.Debug|Any CPU.ActiveCfg = Debug|Any CPU
		{7A09AA83-469D-7FF5-974B-9D58407C3AC1}.Debug|Any CPU.Build.0 = Debug|Any CPU
		{7A09AA83-469D-7FF5-974B-9D58407C3AC1}.Release|Any CPU.ActiveCfg = Release|Any CPU
		{7A09AA83-469D-7FF5-974B-9D58407C3AC1}.Release|Any CPU.Build.0 = Release|Any CPU
	EndGlobalSection
	GlobalSection(SolutionProperties) = preSolution
		HideSolutionNode = FALSE
	EndGlobalSection
EndGlobal
